// !$*UTF8*$!
{
	archiveVersion = 1;
	classes = {
	};
	objectVersion = 56;
	objects = {

/* Begin PBXBuildFile section */
		040DF2EE2C762729007034C9 /* AppDelegate.swift in Sources */ = {isa = PBXBuildFile; fileRef = 040DF2ED2C762729007034C9 /* AppDelegate.swift */; };
		040DF2F02C762729007034C9 /* SceneDelegate.swift in Sources */ = {isa = PBXBuildFile; fileRef = 040DF2EF2C762729007034C9 /* SceneDelegate.swift */; };
		040DF2F72C76272E007034C9 /* Assets.xcassets in Resources */ = {isa = PBXBuildFile; fileRef = 040DF2F62C76272E007034C9 /* Assets.xcassets */; };
		040DF2FA2C76272E007034C9 /* LaunchScreen.storyboard in Resources */ = {isa = PBXBuildFile; fileRef = 040DF2F82C76272E007034C9 /* LaunchScreen.storyboard */; };
		040DF30F2C76272F007034C9 /* Countries_InfoUITests.swift in Sources */ = {isa = PBXBuildFile; fileRef = 040DF30E2C76272F007034C9 /* Countries_InfoUITests.swift */; };
		040DF3112C76272F007034C9 /* Countries_InfoUITestsLaunchTests.swift in Sources */ = {isa = PBXBuildFile; fileRef = 040DF3102C76272F007034C9 /* Countries_InfoUITestsLaunchTests.swift */; };
		04357E722C79D7EE00A2C69B /* String Constants.swift in Sources */ = {isa = PBXBuildFile; fileRef = 04357E712C79D7EE00A2C69B /* String Constants.swift */; };
		04357E762C7B339A00A2C69B /* Alamofire in Frameworks */ = {isa = PBXBuildFile; productRef = 04357E752C7B339A00A2C69B /* Alamofire */; };
		0435E9002C77B9ED00F0A472 /* UIViewController + Extension.swift in Sources */ = {isa = PBXBuildFile; fileRef = 0435E8FF2C77B9ED00F0A472 /* UIViewController + Extension.swift */; };
		0435E9022C77C1C500F0A472 /* UIImageView + Extension.swift in Sources */ = {isa = PBXBuildFile; fileRef = 0435E9012C77C1C500F0A472 /* UIImageView + Extension.swift */; };
		0435E9062C77E1B200F0A472 /* SideMenuViewController.swift in Sources */ = {isa = PBXBuildFile; fileRef = 0435E9052C77E1B200F0A472 /* SideMenuViewController.swift */; };
		0435E9082C77FA7500F0A472 /* SideMenuTVCell.swift in Sources */ = {isa = PBXBuildFile; fileRef = 0435E9072C77FA7500F0A472 /* SideMenuTVCell.swift */; };
		0435E90B2C7806F300F0A472 /* SettingsViewController.swift in Sources */ = {isa = PBXBuildFile; fileRef = 0435E90A2C7806F300F0A472 /* SettingsViewController.swift */; };
		0435E90D2C78A16E00F0A472 /* HomeModels.swift in Sources */ = {isa = PBXBuildFile; fileRef = 0435E90C2C78A16E00F0A472 /* HomeModels.swift */; };
		0435E9102C78A60D00F0A472 /* NetworkClass.swift in Sources */ = {isa = PBXBuildFile; fileRef = 0435E90F2C78A60D00F0A472 /* NetworkClass.swift */; };
		0435E9122C78A72500F0A472 /* NetworkModels.swift in Sources */ = {isa = PBXBuildFile; fileRef = 0435E9112C78A72500F0A472 /* NetworkModels.swift */; };
		0435E91B2C78E84200F0A472 /* MockNetworkClass.swift in Sources */ = {isa = PBXBuildFile; fileRef = 0435E9142C78E3EF00F0A472 /* MockNetworkClass.swift */; };
		0435E9242C78ED3E00F0A472 /* MockHomeView.swift in Sources */ = {isa = PBXBuildFile; fileRef = 0435E9232C78ED3E00F0A472 /* MockHomeView.swift */; };
		0435E9252C78F61B00F0A472 /* HomeModels.swift in Sources */ = {isa = PBXBuildFile; fileRef = 0435E90C2C78A16E00F0A472 /* HomeModels.swift */; };
		0435E92C2C78F8B200F0A472 /* HomeViewModelTests.swift in Sources */ = {isa = PBXBuildFile; fileRef = 0435E92B2C78F8B200F0A472 /* HomeViewModelTests.swift */; };
		043618C32C86D7D1002C59CB /* FileManagerCache.swift in Sources */ = {isa = PBXBuildFile; fileRef = 043618C22C86D7D1002C59CB /* FileManagerCache.swift */; };
		043904B12C7C4A3C00333D9A /* GoogleSignIn in Frameworks */ = {isa = PBXBuildFile; productRef = 043904B02C7C4A3C00333D9A /* GoogleSignIn */; };
		043904B32C7C4AAA00333D9A /* Alamofire in Frameworks */ = {isa = PBXBuildFile; productRef = 043904B22C7C4AAA00333D9A /* Alamofire */; };
		043904B42C7C4D8500333D9A /* NetworkModels.swift in Sources */ = {isa = PBXBuildFile; fileRef = 0435E9112C78A72500F0A472 /* NetworkModels.swift */; };
		043904B62C7C4E1F00333D9A /* String Constants.swift in Sources */ = {isa = PBXBuildFile; fileRef = 04357E712C79D7EE00A2C69B /* String Constants.swift */; };
		043904B72C7C5C5A00333D9A /* HomeViewModel.swift in Sources */ = {isa = PBXBuildFile; fileRef = B730E6EE2C78C6C600DF058D /* HomeViewModel.swift */; };
		043904B82C7C5CE800333D9A /* NetworkClass.swift in Sources */ = {isa = PBXBuildFile; fileRef = 0435E90F2C78A60D00F0A472 /* NetworkClass.swift */; };
		044D3E552C84FCA100744CE4 /* String + Extension.swift in Sources */ = {isa = PBXBuildFile; fileRef = 044D3E542C84FCA100744CE4 /* String + Extension.swift */; };
		044D3E572C8572A100744CE4 /* UserDefaultsManager.swift in Sources */ = {isa = PBXBuildFile; fileRef = 044D3E562C8572A100744CE4 /* UserDefaultsManager.swift */; };
		044D3E592C85792300744CE4 /* InfoDicManager.swift in Sources */ = {isa = PBXBuildFile; fileRef = 044D3E582C85792300744CE4 /* InfoDicManager.swift */; };
		04A1D8042C86FF2B0035ED77 /* HomeViewTests.swift in Sources */ = {isa = PBXBuildFile; fileRef = 04A1D8032C86FF2B0035ED77 /* HomeViewTests.swift */; };
		04A1D8052C86FF7D0035ED77 /* HomeViews.swift in Sources */ = {isa = PBXBuildFile; fileRef = B730E6E42C7880A200DF058D /* HomeViews.swift */; };
		04A1D8062C86FFC30035ED77 /* InfoDicManager.swift in Sources */ = {isa = PBXBuildFile; fileRef = 044D3E582C85792300744CE4 /* InfoDicManager.swift */; };
		04A1D8072C86FFD90035ED77 /* UIView + Extension.swift in Sources */ = {isa = PBXBuildFile; fileRef = B7A812392C77393500E7EBC8 /* UIView + Extension.swift */; };
		04A1D8082C86FFFC0035ED77 /* HomeTVCell.swift in Sources */ = {isa = PBXBuildFile; fileRef = B7A8123B2C77398500E7EBC8 /* HomeTVCell.swift */; };
		04A1D8092C8700080035ED77 /* String + Extension.swift in Sources */ = {isa = PBXBuildFile; fileRef = 044D3E542C84FCA100744CE4 /* String + Extension.swift */; };
		04A1D80A2C8700130035ED77 /* UIImageView + Extension.swift in Sources */ = {isa = PBXBuildFile; fileRef = 0435E9012C77C1C500F0A472 /* UIImageView + Extension.swift */; };
		04A1D80B2C87001E0035ED77 /* CGFloat + Extension.swift in Sources */ = {isa = PBXBuildFile; fileRef = B7A8123D2C773FB300E7EBC8 /* CGFloat + Extension.swift */; };
		04A1D80D2C8700530035ED77 /* Kingfisher in Frameworks */ = {isa = PBXBuildFile; productRef = 04A1D80C2C8700530035ED77 /* Kingfisher */; };
		B730E6E52C7880A200DF058D /* HomeViews.swift in Sources */ = {isa = PBXBuildFile; fileRef = B730E6E42C7880A200DF058D /* HomeViews.swift */; };
		B730E6E72C78835600DF058D /* SettingsViews.swift in Sources */ = {isa = PBXBuildFile; fileRef = B730E6E62C78835600DF058D /* SettingsViews.swift */; };
		B730E6EB2C788C1200DF058D /* DetailsViewController.swift in Sources */ = {isa = PBXBuildFile; fileRef = B730E6EA2C788C1200DF058D /* DetailsViewController.swift */; };
		B730E6ED2C788CAE00DF058D /* SignInViews.swift in Sources */ = {isa = PBXBuildFile; fileRef = B730E6EC2C788CAE00DF058D /* SignInViews.swift */; };
		B730E6EF2C78C6C600DF058D /* HomeViewModel.swift in Sources */ = {isa = PBXBuildFile; fileRef = B730E6EE2C78C6C600DF058D /* HomeViewModel.swift */; };
		B730E6F12C78D74100DF058D /* DetailsViews.swift in Sources */ = {isa = PBXBuildFile; fileRef = B730E6F02C78D74100DF058D /* DetailsViews.swift */; };
		B7A812172C77289A00E7EBC8 /* SideMenu in Frameworks */ = {isa = PBXBuildFile; productRef = B7A812162C77289A00E7EBC8 /* SideMenu */; };
		B7A8121A2C77291A00E7EBC8 /* GoogleSignIn in Frameworks */ = {isa = PBXBuildFile; productRef = B7A812192C77291A00E7EBC8 /* GoogleSignIn */; };
		B7A812202C7729CB00E7EBC8 /* Kingfisher in Frameworks */ = {isa = PBXBuildFile; productRef = B7A8121F2C7729CB00E7EBC8 /* Kingfisher */; };
		B7A812232C772B0B00E7EBC8 /* AppCoordinator.swift in Sources */ = {isa = PBXBuildFile; fileRef = B7A812222C772B0B00E7EBC8 /* AppCoordinator.swift */; };
		B7A812262C772B4000E7EBC8 /* InterceptorViewController.swift in Sources */ = {isa = PBXBuildFile; fileRef = B7A812252C772B4000E7EBC8 /* InterceptorViewController.swift */; };
		B7A812292C772C1600E7EBC8 /* BaseViewController.swift in Sources */ = {isa = PBXBuildFile; fileRef = B7A812282C772C1600E7EBC8 /* BaseViewController.swift */; };
		B7A8122C2C772C9900E7EBC8 /* DataManager.swift in Sources */ = {isa = PBXBuildFile; fileRef = B7A8122B2C772C9900E7EBC8 /* DataManager.swift */; };
		B7A8122F2C772D7400E7EBC8 /* ManagerModels.swift in Sources */ = {isa = PBXBuildFile; fileRef = B7A8122E2C772D7400E7EBC8 /* ManagerModels.swift */; };
		B7A812322C77372200E7EBC8 /* SignInViewController.swift in Sources */ = {isa = PBXBuildFile; fileRef = B7A812312C77372200E7EBC8 /* SignInViewController.swift */; };
		B7A812372C7737C900E7EBC8 /* HomeViewController.swift in Sources */ = {isa = PBXBuildFile; fileRef = B7A812362C7737C900E7EBC8 /* HomeViewController.swift */; };
		B7A8123A2C77393500E7EBC8 /* UIView + Extension.swift in Sources */ = {isa = PBXBuildFile; fileRef = B7A812392C77393500E7EBC8 /* UIView + Extension.swift */; };
		B7A8123C2C77398500E7EBC8 /* HomeTVCell.swift in Sources */ = {isa = PBXBuildFile; fileRef = B7A8123B2C77398500E7EBC8 /* HomeTVCell.swift */; };
		B7A8123E2C773FB300E7EBC8 /* CGFloat + Extension.swift in Sources */ = {isa = PBXBuildFile; fileRef = B7A8123D2C773FB300E7EBC8 /* CGFloat + Extension.swift */; };
		B7A812402C77499100E7EBC8 /* Int + Extension.swift in Sources */ = {isa = PBXBuildFile; fileRef = B7A8123F2C77499100E7EBC8 /* Int + Extension.swift */; };
/* End PBXBuildFile section */

/* Begin PBXContainerItemProxy section */
		040DF3012C76272F007034C9 /* PBXContainerItemProxy */ = {
			isa = PBXContainerItemProxy;
			containerPortal = 040DF2E22C762729007034C9 /* Project object */;
			proxyType = 1;
			remoteGlobalIDString = 040DF2E92C762729007034C9;
			remoteInfo = "Countries Info";
		};
		040DF30B2C76272F007034C9 /* PBXContainerItemProxy */ = {
			isa = PBXContainerItemProxy;
			containerPortal = 040DF2E22C762729007034C9 /* Project object */;
			proxyType = 1;
			remoteGlobalIDString = 040DF2E92C762729007034C9;
			remoteInfo = "Countries Info";
		};
/* End PBXContainerItemProxy section */

/* Begin PBXFileReference section */
		040DF2EA2C762729007034C9 /* Countries Info.app */ = {isa = PBXFileReference; explicitFileType = wrapper.application; includeInIndex = 0; path = "Countries Info.app"; sourceTree = BUILT_PRODUCTS_DIR; };
		040DF2ED2C762729007034C9 /* AppDelegate.swift */ = {isa = PBXFileReference; lastKnownFileType = sourcecode.swift; path = AppDelegate.swift; sourceTree = "<group>"; };
		040DF2EF2C762729007034C9 /* SceneDelegate.swift */ = {isa = PBXFileReference; lastKnownFileType = sourcecode.swift; path = SceneDelegate.swift; sourceTree = "<group>"; };
		040DF2F62C76272E007034C9 /* Assets.xcassets */ = {isa = PBXFileReference; lastKnownFileType = folder.assetcatalog; path = Assets.xcassets; sourceTree = "<group>"; };
		040DF2F92C76272E007034C9 /* Base */ = {isa = PBXFileReference; lastKnownFileType = file.storyboard; name = Base; path = Base.lproj/LaunchScreen.storyboard; sourceTree = "<group>"; };
		040DF2FB2C76272E007034C9 /* Info.plist */ = {isa = PBXFileReference; lastKnownFileType = text.plist.xml; path = Info.plist; sourceTree = "<group>"; };
		040DF3002C76272F007034C9 /* Countries InfoTests.xctest */ = {isa = PBXFileReference; explicitFileType = wrapper.cfbundle; includeInIndex = 0; path = "Countries InfoTests.xctest"; sourceTree = BUILT_PRODUCTS_DIR; };
		040DF30A2C76272F007034C9 /* Countries InfoUITests.xctest */ = {isa = PBXFileReference; explicitFileType = wrapper.cfbundle; includeInIndex = 0; path = "Countries InfoUITests.xctest"; sourceTree = BUILT_PRODUCTS_DIR; };
		040DF30E2C76272F007034C9 /* Countries_InfoUITests.swift */ = {isa = PBXFileReference; lastKnownFileType = sourcecode.swift; path = Countries_InfoUITests.swift; sourceTree = "<group>"; };
		040DF3102C76272F007034C9 /* Countries_InfoUITestsLaunchTests.swift */ = {isa = PBXFileReference; lastKnownFileType = sourcecode.swift; path = Countries_InfoUITestsLaunchTests.swift; sourceTree = "<group>"; };
		04357E712C79D7EE00A2C69B /* String Constants.swift */ = {isa = PBXFileReference; lastKnownFileType = sourcecode.swift; path = "String Constants.swift"; sourceTree = "<group>"; };
		0435E8FF2C77B9ED00F0A472 /* UIViewController + Extension.swift */ = {isa = PBXFileReference; lastKnownFileType = sourcecode.swift; path = "UIViewController + Extension.swift"; sourceTree = "<group>"; };
		0435E9012C77C1C500F0A472 /* UIImageView + Extension.swift */ = {isa = PBXFileReference; lastKnownFileType = sourcecode.swift; path = "UIImageView + Extension.swift"; sourceTree = "<group>"; };
		0435E9052C77E1B200F0A472 /* SideMenuViewController.swift */ = {isa = PBXFileReference; lastKnownFileType = sourcecode.swift; path = SideMenuViewController.swift; sourceTree = "<group>"; };
		0435E9072C77FA7500F0A472 /* SideMenuTVCell.swift */ = {isa = PBXFileReference; lastKnownFileType = sourcecode.swift; path = SideMenuTVCell.swift; sourceTree = "<group>"; };
		0435E90A2C7806F300F0A472 /* SettingsViewController.swift */ = {isa = PBXFileReference; lastKnownFileType = sourcecode.swift; path = SettingsViewController.swift; sourceTree = "<group>"; };
		0435E90C2C78A16E00F0A472 /* HomeModels.swift */ = {isa = PBXFileReference; lastKnownFileType = sourcecode.swift; path = HomeModels.swift; sourceTree = "<group>"; };
		0435E90F2C78A60D00F0A472 /* NetworkClass.swift */ = {isa = PBXFileReference; lastKnownFileType = sourcecode.swift; path = NetworkClass.swift; sourceTree = "<group>"; };
		0435E9112C78A72500F0A472 /* NetworkModels.swift */ = {isa = PBXFileReference; lastKnownFileType = sourcecode.swift; path = NetworkModels.swift; sourceTree = "<group>"; };
		0435E9132C78DCFE00F0A472 /* README.md */ = {isa = PBXFileReference; lastKnownFileType = net.daringfireball.markdown; path = README.md; sourceTree = "<group>"; };
		0435E9142C78E3EF00F0A472 /* MockNetworkClass.swift */ = {isa = PBXFileReference; lastKnownFileType = sourcecode.swift; path = MockNetworkClass.swift; sourceTree = "<group>"; };
		0435E9232C78ED3E00F0A472 /* MockHomeView.swift */ = {isa = PBXFileReference; lastKnownFileType = sourcecode.swift; path = MockHomeView.swift; sourceTree = "<group>"; };
		0435E92B2C78F8B200F0A472 /* HomeViewModelTests.swift */ = {isa = PBXFileReference; fileEncoding = 4; lastKnownFileType = sourcecode.swift; path = HomeViewModelTests.swift; sourceTree = "<group>"; };
		043618C22C86D7D1002C59CB /* FileManagerCache.swift */ = {isa = PBXFileReference; lastKnownFileType = sourcecode.swift; path = FileManagerCache.swift; sourceTree = "<group>"; };
		044D3E542C84FCA100744CE4 /* String + Extension.swift */ = {isa = PBXFileReference; lastKnownFileType = sourcecode.swift; path = "String + Extension.swift"; sourceTree = "<group>"; };
		044D3E562C8572A100744CE4 /* UserDefaultsManager.swift */ = {isa = PBXFileReference; lastKnownFileType = sourcecode.swift; path = UserDefaultsManager.swift; sourceTree = "<group>"; };
		044D3E582C85792300744CE4 /* InfoDicManager.swift */ = {isa = PBXFileReference; lastKnownFileType = sourcecode.swift; path = InfoDicManager.swift; sourceTree = "<group>"; };
		04A1D8032C86FF2B0035ED77 /* HomeViewTests.swift */ = {isa = PBXFileReference; fileEncoding = 4; lastKnownFileType = sourcecode.swift; path = HomeViewTests.swift; sourceTree = "<group>"; };
		B730E6E42C7880A200DF058D /* HomeViews.swift */ = {isa = PBXFileReference; lastKnownFileType = sourcecode.swift; path = HomeViews.swift; sourceTree = "<group>"; };
		B730E6E62C78835600DF058D /* SettingsViews.swift */ = {isa = PBXFileReference; lastKnownFileType = sourcecode.swift; path = SettingsViews.swift; sourceTree = "<group>"; };
		B730E6EA2C788C1200DF058D /* DetailsViewController.swift */ = {isa = PBXFileReference; lastKnownFileType = sourcecode.swift; path = DetailsViewController.swift; sourceTree = "<group>"; };
		B730E6EC2C788CAE00DF058D /* SignInViews.swift */ = {isa = PBXFileReference; lastKnownFileType = sourcecode.swift; path = SignInViews.swift; sourceTree = "<group>"; };
		B730E6EE2C78C6C600DF058D /* HomeViewModel.swift */ = {isa = PBXFileReference; lastKnownFileType = sourcecode.swift; path = HomeViewModel.swift; sourceTree = "<group>"; };
		B730E6F02C78D74100DF058D /* DetailsViews.swift */ = {isa = PBXFileReference; lastKnownFileType = sourcecode.swift; path = DetailsViews.swift; sourceTree = "<group>"; };
		B7A812222C772B0B00E7EBC8 /* AppCoordinator.swift */ = {isa = PBXFileReference; lastKnownFileType = sourcecode.swift; path = AppCoordinator.swift; sourceTree = "<group>"; };
		B7A812252C772B4000E7EBC8 /* InterceptorViewController.swift */ = {isa = PBXFileReference; lastKnownFileType = sourcecode.swift; path = InterceptorViewController.swift; sourceTree = "<group>"; };
		B7A812282C772C1600E7EBC8 /* BaseViewController.swift */ = {isa = PBXFileReference; lastKnownFileType = sourcecode.swift; path = BaseViewController.swift; sourceTree = "<group>"; };
		B7A8122B2C772C9900E7EBC8 /* DataManager.swift */ = {isa = PBXFileReference; lastKnownFileType = sourcecode.swift; path = DataManager.swift; sourceTree = "<group>"; };
		B7A8122E2C772D7400E7EBC8 /* ManagerModels.swift */ = {isa = PBXFileReference; lastKnownFileType = sourcecode.swift; path = ManagerModels.swift; sourceTree = "<group>"; };
		B7A812312C77372200E7EBC8 /* SignInViewController.swift */ = {isa = PBXFileReference; lastKnownFileType = sourcecode.swift; path = SignInViewController.swift; sourceTree = "<group>"; };
		B7A812362C7737C900E7EBC8 /* HomeViewController.swift */ = {isa = PBXFileReference; lastKnownFileType = sourcecode.swift; path = HomeViewController.swift; sourceTree = "<group>"; };
		B7A812392C77393500E7EBC8 /* UIView + Extension.swift */ = {isa = PBXFileReference; lastKnownFileType = sourcecode.swift; path = "UIView + Extension.swift"; sourceTree = "<group>"; };
		B7A8123B2C77398500E7EBC8 /* HomeTVCell.swift */ = {isa = PBXFileReference; lastKnownFileType = sourcecode.swift; path = HomeTVCell.swift; sourceTree = "<group>"; };
		B7A8123D2C773FB300E7EBC8 /* CGFloat + Extension.swift */ = {isa = PBXFileReference; lastKnownFileType = sourcecode.swift; path = "CGFloat + Extension.swift"; sourceTree = "<group>"; };
		B7A8123F2C77499100E7EBC8 /* Int + Extension.swift */ = {isa = PBXFileReference; lastKnownFileType = sourcecode.swift; path = "Int + Extension.swift"; sourceTree = "<group>"; };
/* End PBXFileReference section */

/* Begin PBXFrameworksBuildPhase section */
		040DF2E72C762729007034C9 /* Frameworks */ = {
			isa = PBXFrameworksBuildPhase;
			buildActionMask = 2147483647;
			files = (
				B7A812202C7729CB00E7EBC8 /* Kingfisher in Frameworks */,
				04357E762C7B339A00A2C69B /* Alamofire in Frameworks */,
				B7A812172C77289A00E7EBC8 /* SideMenu in Frameworks */,
				B7A8121A2C77291A00E7EBC8 /* GoogleSignIn in Frameworks */,
			);
			runOnlyForDeploymentPostprocessing = 0;
		};
		040DF2FD2C76272F007034C9 /* Frameworks */ = {
			isa = PBXFrameworksBuildPhase;
			buildActionMask = 2147483647;
			files = (
				04A1D80D2C8700530035ED77 /* Kingfisher in Frameworks */,
				043904B12C7C4A3C00333D9A /* GoogleSignIn in Frameworks */,
				043904B32C7C4AAA00333D9A /* Alamofire in Frameworks */,
			);
			runOnlyForDeploymentPostprocessing = 0;
		};
		040DF3072C76272F007034C9 /* Frameworks */ = {
			isa = PBXFrameworksBuildPhase;
			buildActionMask = 2147483647;
			files = (
			);
			runOnlyForDeploymentPostprocessing = 0;
		};
/* End PBXFrameworksBuildPhase section */

/* Begin PBXGroup section */
		040DF2E12C762729007034C9 = {
			isa = PBXGroup;
			children = (
				0435E9132C78DCFE00F0A472 /* README.md */,
				040DF2EC2C762729007034C9 /* Countries Info */,
				040DF3032C76272F007034C9 /* Countries InfoTests */,
				040DF30D2C76272F007034C9 /* Countries InfoUITests */,
				040DF2EB2C762729007034C9 /* Products */,
				0435E91C2C78E8E800F0A472 /* Frameworks */,
			);
			sourceTree = "<group>";
		};
		040DF2EB2C762729007034C9 /* Products */ = {
			isa = PBXGroup;
			children = (
				040DF2EA2C762729007034C9 /* Countries Info.app */,
				040DF3002C76272F007034C9 /* Countries InfoTests.xctest */,
				040DF30A2C76272F007034C9 /* Countries InfoUITests.xctest */,
			);
			name = Products;
			sourceTree = "<group>";
		};
		040DF2EC2C762729007034C9 /* Countries Info */ = {
			isa = PBXGroup;
			children = (
				0435E90E2C78A5AC00F0A472 /* NetworkClass */,
				B730E6E82C788BCE00DF058D /* Details */,
				B7A812332C7737B100E7EBC8 /* Home */,
				0435E9092C7806CB00F0A472 /* Settings */,
				0435E9042C77E19600F0A472 /* SideMenu */,
				B7A812302C77370500E7EBC8 /* SignInViewController */,
				B7A812242C772B2600E7EBC8 /* NavigationDirector */,
				B7A812212C772AE300E7EBC8 /* AppCoordinator */,
				B7A812272C772B5700E7EBC8 /* Managers */,
				B7A812382C77392600E7EBC8 /* Extensions */,
				0435E9032C77DF4900F0A472 /* Supporting Files */,
			);
			path = "Countries Info";
			sourceTree = "<group>";
		};
		040DF3032C76272F007034C9 /* Countries InfoTests */ = {
			isa = PBXGroup;
			children = (
				0435E92A2C78F8A700F0A472 /* Home */,
				0435E91F2C78EBFE00F0A472 /* Mock */,
			);
			path = "Countries InfoTests";
			sourceTree = "<group>";
		};
		040DF30D2C76272F007034C9 /* Countries InfoUITests */ = {
			isa = PBXGroup;
			children = (
				040DF30E2C76272F007034C9 /* Countries_InfoUITests.swift */,
				040DF3102C76272F007034C9 /* Countries_InfoUITestsLaunchTests.swift */,
			);
			path = "Countries InfoUITests";
			sourceTree = "<group>";
		};
		0435E9032C77DF4900F0A472 /* Supporting Files */ = {
			isa = PBXGroup;
			children = (
				040DF2ED2C762729007034C9 /* AppDelegate.swift */,
				040DF2F62C76272E007034C9 /* Assets.xcassets */,
				040DF2F82C76272E007034C9 /* LaunchScreen.storyboard */,
				040DF2FB2C76272E007034C9 /* Info.plist */,
				040DF2EF2C762729007034C9 /* SceneDelegate.swift */,
			);
			name = "Supporting Files";
			sourceTree = "<group>";
		};
		0435E9042C77E19600F0A472 /* SideMenu */ = {
			isa = PBXGroup;
			children = (
				0435E9052C77E1B200F0A472 /* SideMenuViewController.swift */,
				0435E9072C77FA7500F0A472 /* SideMenuTVCell.swift */,
			);
			path = SideMenu;
			sourceTree = "<group>";
		};
		0435E9092C7806CB00F0A472 /* Settings */ = {
			isa = PBXGroup;
			children = (
				0435E90A2C7806F300F0A472 /* SettingsViewController.swift */,
				B730E6E62C78835600DF058D /* SettingsViews.swift */,
			);
			path = Settings;
			sourceTree = "<group>";
		};
		0435E90E2C78A5AC00F0A472 /* NetworkClass */ = {
			isa = PBXGroup;
			children = (
				0435E90F2C78A60D00F0A472 /* NetworkClass.swift */,
				0435E9112C78A72500F0A472 /* NetworkModels.swift */,
			);
			path = NetworkClass;
			sourceTree = "<group>";
		};
		0435E91C2C78E8E800F0A472 /* Frameworks */ = {
			isa = PBXGroup;
			children = (
			);
			name = Frameworks;
			sourceTree = "<group>";
		};
		0435E91F2C78EBFE00F0A472 /* Mock */ = {
			isa = PBXGroup;
			children = (
				0435E9142C78E3EF00F0A472 /* MockNetworkClass.swift */,
				0435E9232C78ED3E00F0A472 /* MockHomeView.swift */,
			);
			path = Mock;
			sourceTree = "<group>";
		};
		0435E92A2C78F8A700F0A472 /* Home */ = {
			isa = PBXGroup;
			children = (
				0435E92B2C78F8B200F0A472 /* HomeViewModelTests.swift */,
				04A1D8032C86FF2B0035ED77 /* HomeViewTests.swift */,
			);
			path = Home;
			sourceTree = "<group>";
		};
		B730E6E82C788BCE00DF058D /* Details */ = {
			isa = PBXGroup;
			children = (
				B730E6EA2C788C1200DF058D /* DetailsViewController.swift */,
				B730E6F02C78D74100DF058D /* DetailsViews.swift */,
			);
			path = Details;
			sourceTree = "<group>";
		};
		B7A812212C772AE300E7EBC8 /* AppCoordinator */ = {
			isa = PBXGroup;
			children = (
				B7A812222C772B0B00E7EBC8 /* AppCoordinator.swift */,
			);
			path = AppCoordinator;
			sourceTree = "<group>";
		};
		B7A812242C772B2600E7EBC8 /* NavigationDirector */ = {
			isa = PBXGroup;
			children = (
				B7A812252C772B4000E7EBC8 /* InterceptorViewController.swift */,
			);
			path = NavigationDirector;
			sourceTree = "<group>";
		};
		B7A812272C772B5700E7EBC8 /* Managers */ = {
			isa = PBXGroup;
			children = (
				B7A812282C772C1600E7EBC8 /* BaseViewController.swift */,
				B7A8122B2C772C9900E7EBC8 /* DataManager.swift */,
				B7A8122E2C772D7400E7EBC8 /* ManagerModels.swift */,
				044D3E562C8572A100744CE4 /* UserDefaultsManager.swift */,
				043618C22C86D7D1002C59CB /* FileManagerCache.swift */,
				044D3E582C85792300744CE4 /* InfoDicManager.swift */,
			);
			path = Managers;
			sourceTree = "<group>";
		};
		B7A812302C77370500E7EBC8 /* SignInViewController */ = {
			isa = PBXGroup;
			children = (
				B7A812312C77372200E7EBC8 /* SignInViewController.swift */,
				B730E6EC2C788CAE00DF058D /* SignInViews.swift */,
			);
			path = SignInViewController;
			sourceTree = "<group>";
		};
		B7A812332C7737B100E7EBC8 /* Home */ = {
			isa = PBXGroup;
			children = (
				B7A812362C7737C900E7EBC8 /* HomeViewController.swift */,
				B730E6EE2C78C6C600DF058D /* HomeViewModel.swift */,
				B730E6E42C7880A200DF058D /* HomeViews.swift */,
				B7A8123B2C77398500E7EBC8 /* HomeTVCell.swift */,
				0435E90C2C78A16E00F0A472 /* HomeModels.swift */,
			);
			path = Home;
			sourceTree = "<group>";
		};
		B7A812382C77392600E7EBC8 /* Extensions */ = {
			isa = PBXGroup;
			children = (
				B7A812392C77393500E7EBC8 /* UIView + Extension.swift */,
				0435E9012C77C1C500F0A472 /* UIImageView + Extension.swift */,
				0435E8FF2C77B9ED00F0A472 /* UIViewController + Extension.swift */,
				B7A8123D2C773FB300E7EBC8 /* CGFloat + Extension.swift */,
				B7A8123F2C77499100E7EBC8 /* Int + Extension.swift */,
				044D3E542C84FCA100744CE4 /* String + Extension.swift */,
				04357E712C79D7EE00A2C69B /* String Constants.swift */,
			);
			path = Extensions;
			sourceTree = "<group>";
		};
/* End PBXGroup section */

/* Begin PBXNativeTarget section */
		040DF2E92C762729007034C9 /* Countries Info */ = {
			isa = PBXNativeTarget;
			buildConfigurationList = 040DF3142C76272F007034C9 /* Build configuration list for PBXNativeTarget "Countries Info" */;
			buildPhases = (
				040DF2E62C762729007034C9 /* Sources */,
				040DF2E72C762729007034C9 /* Frameworks */,
				040DF2E82C762729007034C9 /* Resources */,
			);
			buildRules = (
			);
			dependencies = (
			);
			name = "Countries Info";
			packageProductDependencies = (
				B7A812162C77289A00E7EBC8 /* SideMenu */,
				B7A812192C77291A00E7EBC8 /* GoogleSignIn */,
				B7A8121F2C7729CB00E7EBC8 /* Kingfisher */,
				04357E752C7B339A00A2C69B /* Alamofire */,
			);
			productName = "Countries Info";
			productReference = 040DF2EA2C762729007034C9 /* Countries Info.app */;
			productType = "com.apple.product-type.application";
		};
		040DF2FF2C76272F007034C9 /* Countries InfoTests */ = {
			isa = PBXNativeTarget;
			buildConfigurationList = 040DF3172C76272F007034C9 /* Build configuration list for PBXNativeTarget "Countries InfoTests" */;
			buildPhases = (
				040DF2FC2C76272F007034C9 /* Sources */,
				040DF2FD2C76272F007034C9 /* Frameworks */,
				040DF2FE2C76272F007034C9 /* Resources */,
			);
			buildRules = (
			);
			dependencies = (
				040DF3022C76272F007034C9 /* PBXTargetDependency */,
			);
			name = "Countries InfoTests";
			packageProductDependencies = (
				043904B02C7C4A3C00333D9A /* GoogleSignIn */,
				043904B22C7C4AAA00333D9A /* Alamofire */,
				04A1D80C2C8700530035ED77 /* Kingfisher */,
			);
			productName = "Countries InfoTests";
			productReference = 040DF3002C76272F007034C9 /* Countries InfoTests.xctest */;
			productType = "com.apple.product-type.bundle.unit-test";
		};
		040DF3092C76272F007034C9 /* Countries InfoUITests */ = {
			isa = PBXNativeTarget;
			buildConfigurationList = 040DF31A2C76272F007034C9 /* Build configuration list for PBXNativeTarget "Countries InfoUITests" */;
			buildPhases = (
				040DF3062C76272F007034C9 /* Sources */,
				040DF3072C76272F007034C9 /* Frameworks */,
				040DF3082C76272F007034C9 /* Resources */,
			);
			buildRules = (
			);
			dependencies = (
				040DF30C2C76272F007034C9 /* PBXTargetDependency */,
			);
			name = "Countries InfoUITests";
			productName = "Countries InfoUITests";
			productReference = 040DF30A2C76272F007034C9 /* Countries InfoUITests.xctest */;
			productType = "com.apple.product-type.bundle.ui-testing";
		};
/* End PBXNativeTarget section */

/* Begin PBXProject section */
		040DF2E22C762729007034C9 /* Project object */ = {
			isa = PBXProject;
			attributes = {
				BuildIndependentTargetsInParallel = 1;
				LastSwiftUpdateCheck = 1420;
				LastUpgradeCheck = 1520;
				TargetAttributes = {
					040DF2E92C762729007034C9 = {
						CreatedOnToolsVersion = 14.2;
					};
					040DF2FF2C76272F007034C9 = {
						CreatedOnToolsVersion = 14.2;
						TestTargetID = 040DF2E92C762729007034C9;
					};
					040DF3092C76272F007034C9 = {
						CreatedOnToolsVersion = 14.2;
						TestTargetID = 040DF2E92C762729007034C9;
					};
				};
			};
			buildConfigurationList = 040DF2E52C762729007034C9 /* Build configuration list for PBXProject "Countries Info" */;
			compatibilityVersion = "Xcode 14.0";
			developmentRegion = en;
			hasScannedForEncodings = 0;
			knownRegions = (
				en,
				Base,
			);
			mainGroup = 040DF2E12C762729007034C9;
			packageReferences = (
				B7A812152C77289A00E7EBC8 /* XCRemoteSwiftPackageReference "SideMenu" */,
				B7A812182C77291A00E7EBC8 /* XCRemoteSwiftPackageReference "GoogleSignIn-iOS" */,
				B7A8121B2C77298300E7EBC8 /* XCRemoteSwiftPackageReference "Alamofire" */,
				B7A8121E2C7729CB00E7EBC8 /* XCRemoteSwiftPackageReference "Kingfisher" */,
			);
			productRefGroup = 040DF2EB2C762729007034C9 /* Products */;
			projectDirPath = "";
			projectRoot = "";
			targets = (
				040DF2E92C762729007034C9 /* Countries Info */,
				040DF2FF2C76272F007034C9 /* Countries InfoTests */,
				040DF3092C76272F007034C9 /* Countries InfoUITests */,
			);
		};
/* End PBXProject section */

/* Begin PBXResourcesBuildPhase section */
		040DF2E82C762729007034C9 /* Resources */ = {
			isa = PBXResourcesBuildPhase;
			buildActionMask = 2147483647;
			files = (
				040DF2FA2C76272E007034C9 /* LaunchScreen.storyboard in Resources */,
				040DF2F72C76272E007034C9 /* Assets.xcassets in Resources */,
			);
			runOnlyForDeploymentPostprocessing = 0;
		};
		040DF2FE2C76272F007034C9 /* Resources */ = {
			isa = PBXResourcesBuildPhase;
			buildActionMask = 2147483647;
			files = (
			);
			runOnlyForDeploymentPostprocessing = 0;
		};
		040DF3082C76272F007034C9 /* Resources */ = {
			isa = PBXResourcesBuildPhase;
			buildActionMask = 2147483647;
			files = (
			);
			runOnlyForDeploymentPostprocessing = 0;
		};
/* End PBXResourcesBuildPhase section */

/* Begin PBXSourcesBuildPhase section */
		040DF2E62C762729007034C9 /* Sources */ = {
			isa = PBXSourcesBuildPhase;
			buildActionMask = 2147483647;
			files = (
				043618C32C86D7D1002C59CB /* FileManagerCache.swift in Sources */,
				0435E9062C77E1B200F0A472 /* SideMenuViewController.swift in Sources */,
				B7A812232C772B0B00E7EBC8 /* AppCoordinator.swift in Sources */,
				0435E9002C77B9ED00F0A472 /* UIViewController + Extension.swift in Sources */,
				044D3E552C84FCA100744CE4 /* String + Extension.swift in Sources */,
				B730E6E52C7880A200DF058D /* HomeViews.swift in Sources */,
				040DF2EE2C762729007034C9 /* AppDelegate.swift in Sources */,
				0435E9102C78A60D00F0A472 /* NetworkClass.swift in Sources */,
				04357E722C79D7EE00A2C69B /* String Constants.swift in Sources */,
				0435E90D2C78A16E00F0A472 /* HomeModels.swift in Sources */,
				B730E6F12C78D74100DF058D /* DetailsViews.swift in Sources */,
				0435E9082C77FA7500F0A472 /* SideMenuTVCell.swift in Sources */,
				B7A8122C2C772C9900E7EBC8 /* DataManager.swift in Sources */,
				B7A8123A2C77393500E7EBC8 /* UIView + Extension.swift in Sources */,
				0435E9122C78A72500F0A472 /* NetworkModels.swift in Sources */,
				B7A812262C772B4000E7EBC8 /* InterceptorViewController.swift in Sources */,
				B7A8123C2C77398500E7EBC8 /* HomeTVCell.swift in Sources */,
				B7A812372C7737C900E7EBC8 /* HomeViewController.swift in Sources */,
				044D3E592C85792300744CE4 /* InfoDicManager.swift in Sources */,
				B730E6EB2C788C1200DF058D /* DetailsViewController.swift in Sources */,
				044D3E572C8572A100744CE4 /* UserDefaultsManager.swift in Sources */,
				B7A812322C77372200E7EBC8 /* SignInViewController.swift in Sources */,
				B7A8122F2C772D7400E7EBC8 /* ManagerModels.swift in Sources */,
				B730E6E72C78835600DF058D /* SettingsViews.swift in Sources */,
				040DF2F02C762729007034C9 /* SceneDelegate.swift in Sources */,
				0435E9022C77C1C500F0A472 /* UIImageView + Extension.swift in Sources */,
				B7A812402C77499100E7EBC8 /* Int + Extension.swift in Sources */,
				B730E6EF2C78C6C600DF058D /* HomeViewModel.swift in Sources */,
				B730E6ED2C788CAE00DF058D /* SignInViews.swift in Sources */,
				B7A812292C772C1600E7EBC8 /* BaseViewController.swift in Sources */,
				B7A8123E2C773FB300E7EBC8 /* CGFloat + Extension.swift in Sources */,
				0435E90B2C7806F300F0A472 /* SettingsViewController.swift in Sources */,
			);
			runOnlyForDeploymentPostprocessing = 0;
		};
		040DF2FC2C76272F007034C9 /* Sources */ = {
			isa = PBXSourcesBuildPhase;
			buildActionMask = 2147483647;
			files = (
				04A1D8082C86FFFC0035ED77 /* HomeTVCell.swift in Sources */,
				043904B42C7C4D8500333D9A /* NetworkModels.swift in Sources */,
				04A1D8092C8700080035ED77 /* String + Extension.swift in Sources */,
				04A1D8052C86FF7D0035ED77 /* HomeViews.swift in Sources */,
				0435E9252C78F61B00F0A472 /* HomeModels.swift in Sources */,
				043904B72C7C5C5A00333D9A /* HomeViewModel.swift in Sources */,
				04A1D8062C86FFC30035ED77 /* InfoDicManager.swift in Sources */,
				0435E91B2C78E84200F0A472 /* MockNetworkClass.swift in Sources */,
				0435E9242C78ED3E00F0A472 /* MockHomeView.swift in Sources */,
				04A1D80A2C8700130035ED77 /* UIImageView + Extension.swift in Sources */,
				043904B82C7C5CE800333D9A /* NetworkClass.swift in Sources */,
				04A1D8072C86FFD90035ED77 /* UIView + Extension.swift in Sources */,
				04A1D80B2C87001E0035ED77 /* CGFloat + Extension.swift in Sources */,
				04A1D8042C86FF2B0035ED77 /* HomeViewTests.swift in Sources */,
				043904B62C7C4E1F00333D9A /* String Constants.swift in Sources */,
				0435E92C2C78F8B200F0A472 /* HomeViewModelTests.swift in Sources */,
			);
			runOnlyForDeploymentPostprocessing = 0;
		};
		040DF3062C76272F007034C9 /* Sources */ = {
			isa = PBXSourcesBuildPhase;
			buildActionMask = 2147483647;
			files = (
				040DF30F2C76272F007034C9 /* Countries_InfoUITests.swift in Sources */,
				040DF3112C76272F007034C9 /* Countries_InfoUITestsLaunchTests.swift in Sources */,
			);
			runOnlyForDeploymentPostprocessing = 0;
		};
/* End PBXSourcesBuildPhase section */

/* Begin PBXTargetDependency section */
		040DF3022C76272F007034C9 /* PBXTargetDependency */ = {
			isa = PBXTargetDependency;
			target = 040DF2E92C762729007034C9 /* Countries Info */;
			targetProxy = 040DF3012C76272F007034C9 /* PBXContainerItemProxy */;
		};
		040DF30C2C76272F007034C9 /* PBXTargetDependency */ = {
			isa = PBXTargetDependency;
			target = 040DF2E92C762729007034C9 /* Countries Info */;
			targetProxy = 040DF30B2C76272F007034C9 /* PBXContainerItemProxy */;
		};
/* End PBXTargetDependency section */

/* Begin PBXVariantGroup section */
		040DF2F82C76272E007034C9 /* LaunchScreen.storyboard */ = {
			isa = PBXVariantGroup;
			children = (
				040DF2F92C76272E007034C9 /* Base */,
			);
			name = LaunchScreen.storyboard;
			sourceTree = "<group>";
		};
/* End PBXVariantGroup section */

/* Begin XCBuildConfiguration section */
		040DF3122C76272F007034C9 /* Debug */ = {
			isa = XCBuildConfiguration;
			buildSettings = {
				ALWAYS_SEARCH_USER_PATHS = NO;
				CLANG_ANALYZER_NONNULL = YES;
				CLANG_ANALYZER_NUMBER_OBJECT_CONVERSION = YES_AGGRESSIVE;
				CLANG_CXX_LANGUAGE_STANDARD = "gnu++20";
				CLANG_ENABLE_MODULES = YES;
				CLANG_ENABLE_OBJC_ARC = YES;
				CLANG_ENABLE_OBJC_WEAK = YES;
				CLANG_WARN_BLOCK_CAPTURE_AUTORELEASING = YES;
				CLANG_WARN_BOOL_CONVERSION = YES;
				CLANG_WARN_COMMA = YES;
				CLANG_WARN_CONSTANT_CONVERSION = YES;
				CLANG_WARN_DEPRECATED_OBJC_IMPLEMENTATIONS = YES;
				CLANG_WARN_DIRECT_OBJC_ISA_USAGE = YES_ERROR;
				CLANG_WARN_DOCUMENTATION_COMMENTS = YES;
				CLANG_WARN_EMPTY_BODY = YES;
				CLANG_WARN_ENUM_CONVERSION = YES;
				CLANG_WARN_INFINITE_RECURSION = YES;
				CLANG_WARN_INT_CONVERSION = YES;
				CLANG_WARN_NON_LITERAL_NULL_CONVERSION = YES;
				CLANG_WARN_OBJC_IMPLICIT_RETAIN_SELF = YES;
				CLANG_WARN_OBJC_LITERAL_CONVERSION = YES;
				CLANG_WARN_OBJC_ROOT_CLASS = YES_ERROR;
				CLANG_WARN_QUOTED_INCLUDE_IN_FRAMEWORK_HEADER = YES;
				CLANG_WARN_RANGE_LOOP_ANALYSIS = YES;
				CLANG_WARN_STRICT_PROTOTYPES = YES;
				CLANG_WARN_SUSPICIOUS_MOVE = YES;
				CLANG_WARN_UNGUARDED_AVAILABILITY = YES_AGGRESSIVE;
				CLANG_WARN_UNREACHABLE_CODE = YES;
				CLANG_WARN__DUPLICATE_METHOD_MATCH = YES;
				COPY_PHASE_STRIP = NO;
				DEBUG_INFORMATION_FORMAT = dwarf;
				ENABLE_STRICT_OBJC_MSGSEND = YES;
				ENABLE_TESTABILITY = YES;
				ENABLE_USER_SCRIPT_SANDBOXING = NO;
				GCC_C_LANGUAGE_STANDARD = gnu11;
				GCC_DYNAMIC_NO_PIC = NO;
				GCC_NO_COMMON_BLOCKS = YES;
				GCC_OPTIMIZATION_LEVEL = 0;
				GCC_PREPROCESSOR_DEFINITIONS = (
					"DEBUG=1",
					"$(inherited)",
				);
				GCC_WARN_64_TO_32_BIT_CONVERSION = YES;
				GCC_WARN_ABOUT_RETURN_TYPE = YES_ERROR;
				GCC_WARN_UNDECLARED_SELECTOR = YES;
				GCC_WARN_UNINITIALIZED_AUTOS = YES_AGGRESSIVE;
				GCC_WARN_UNUSED_FUNCTION = YES;
				GCC_WARN_UNUSED_VARIABLE = YES;
				IPHONEOS_DEPLOYMENT_TARGET = 14.0;
				MTL_ENABLE_DEBUG_INFO = INCLUDE_SOURCE;
				MTL_FAST_MATH = YES;
				ONLY_ACTIVE_ARCH = YES;
				SDKROOT = iphoneos;
				SWIFT_ACTIVE_COMPILATION_CONDITIONS = DEBUG;
				SWIFT_OPTIMIZATION_LEVEL = "-Onone";
			};
			name = Debug;
		};
		040DF3132C76272F007034C9 /* Release */ = {
			isa = XCBuildConfiguration;
			buildSettings = {
				ALWAYS_SEARCH_USER_PATHS = NO;
				CLANG_ANALYZER_NONNULL = YES;
				CLANG_ANALYZER_NUMBER_OBJECT_CONVERSION = YES_AGGRESSIVE;
				CLANG_CXX_LANGUAGE_STANDARD = "gnu++20";
				CLANG_ENABLE_MODULES = YES;
				CLANG_ENABLE_OBJC_ARC = YES;
				CLANG_ENABLE_OBJC_WEAK = YES;
				CLANG_WARN_BLOCK_CAPTURE_AUTORELEASING = YES;
				CLANG_WARN_BOOL_CONVERSION = YES;
				CLANG_WARN_COMMA = YES;
				CLANG_WARN_CONSTANT_CONVERSION = YES;
				CLANG_WARN_DEPRECATED_OBJC_IMPLEMENTATIONS = YES;
				CLANG_WARN_DIRECT_OBJC_ISA_USAGE = YES_ERROR;
				CLANG_WARN_DOCUMENTATION_COMMENTS = YES;
				CLANG_WARN_EMPTY_BODY = YES;
				CLANG_WARN_ENUM_CONVERSION = YES;
				CLANG_WARN_INFINITE_RECURSION = YES;
				CLANG_WARN_INT_CONVERSION = YES;
				CLANG_WARN_NON_LITERAL_NULL_CONVERSION = YES;
				CLANG_WARN_OBJC_IMPLICIT_RETAIN_SELF = YES;
				CLANG_WARN_OBJC_LITERAL_CONVERSION = YES;
				CLANG_WARN_OBJC_ROOT_CLASS = YES_ERROR;
				CLANG_WARN_QUOTED_INCLUDE_IN_FRAMEWORK_HEADER = YES;
				CLANG_WARN_RANGE_LOOP_ANALYSIS = YES;
				CLANG_WARN_STRICT_PROTOTYPES = YES;
				CLANG_WARN_SUSPICIOUS_MOVE = YES;
				CLANG_WARN_UNGUARDED_AVAILABILITY = YES_AGGRESSIVE;
				CLANG_WARN_UNREACHABLE_CODE = YES;
				CLANG_WARN__DUPLICATE_METHOD_MATCH = YES;
				COPY_PHASE_STRIP = NO;
				DEBUG_INFORMATION_FORMAT = "dwarf-with-dsym";
				ENABLE_NS_ASSERTIONS = NO;
				ENABLE_STRICT_OBJC_MSGSEND = YES;
				ENABLE_USER_SCRIPT_SANDBOXING = NO;
				GCC_C_LANGUAGE_STANDARD = gnu11;
				GCC_NO_COMMON_BLOCKS = YES;
				GCC_WARN_64_TO_32_BIT_CONVERSION = YES;
				GCC_WARN_ABOUT_RETURN_TYPE = YES_ERROR;
				GCC_WARN_UNDECLARED_SELECTOR = YES;
				GCC_WARN_UNINITIALIZED_AUTOS = YES_AGGRESSIVE;
				GCC_WARN_UNUSED_FUNCTION = YES;
				GCC_WARN_UNUSED_VARIABLE = YES;
				IPHONEOS_DEPLOYMENT_TARGET = 14.0;
				MTL_ENABLE_DEBUG_INFO = NO;
				MTL_FAST_MATH = YES;
				SDKROOT = iphoneos;
				SWIFT_COMPILATION_MODE = wholemodule;
				SWIFT_OPTIMIZATION_LEVEL = "-O";
				VALIDATE_PRODUCT = YES;
			};
			name = Release;
		};
		040DF3152C76272F007034C9 /* Debug */ = {
			isa = XCBuildConfiguration;
			buildSettings = {
				ASSETCATALOG_COMPILER_APPICON_NAME = AppIcon;
				ASSETCATALOG_COMPILER_GLOBAL_ACCENT_COLOR_NAME = AccentColor;
				CODE_SIGN_STYLE = Automatic;
				CURRENT_PROJECT_VERSION = 2;
				DEVELOPMENT_TEAM = LWU8V4B258;
				GENERATE_INFOPLIST_FILE = YES;
				INFOPLIST_FILE = "Countries Info/Info.plist";
				INFOPLIST_KEY_UIApplicationSupportsIndirectInputEvents = YES;
				INFOPLIST_KEY_UILaunchStoryboardName = LaunchScreen;
				INFOPLIST_KEY_UIStatusBarStyle = UIStatusBarStyleLightContent;
				INFOPLIST_KEY_UISupportedInterfaceOrientations = "UIInterfaceOrientationLandscapeLeft UIInterfaceOrientationLandscapeRight UIInterfaceOrientationPortrait UIInterfaceOrientationPortraitUpsideDown";
				LD_RUNPATH_SEARCH_PATHS = (
					"$(inherited)",
					"@executable_path/Frameworks",
				);
				MARKETING_VERSION = 1.0.0;
				PRODUCT_BUNDLE_IDENTIFIER = "com.devAYZ.Countries-Info";
				PRODUCT_NAME = "$(TARGET_NAME)";
				SUPPORTED_PLATFORMS = "iphoneos iphonesimulator";
				SUPPORTS_MACCATALYST = NO;
				SUPPORTS_MAC_DESIGNED_FOR_IPHONE_IPAD = NO;
				SWIFT_EMIT_LOC_STRINGS = YES;
				SWIFT_VERSION = 5.0;
				TARGETED_DEVICE_FAMILY = 1;
			};
			name = Debug;
		};
		040DF3162C76272F007034C9 /* Release */ = {
			isa = XCBuildConfiguration;
			buildSettings = {
				ASSETCATALOG_COMPILER_APPICON_NAME = AppIcon;
				ASSETCATALOG_COMPILER_GLOBAL_ACCENT_COLOR_NAME = AccentColor;
				CODE_SIGN_STYLE = Automatic;
				CURRENT_PROJECT_VERSION = 2;
				DEVELOPMENT_TEAM = LWU8V4B258;
				GENERATE_INFOPLIST_FILE = YES;
				INFOPLIST_FILE = "Countries Info/Info.plist";
				INFOPLIST_KEY_UIApplicationSupportsIndirectInputEvents = YES;
				INFOPLIST_KEY_UILaunchStoryboardName = LaunchScreen;
				INFOPLIST_KEY_UIStatusBarStyle = UIStatusBarStyleLightContent;
				INFOPLIST_KEY_UISupportedInterfaceOrientations = "UIInterfaceOrientationLandscapeLeft UIInterfaceOrientationLandscapeRight UIInterfaceOrientationPortrait UIInterfaceOrientationPortraitUpsideDown";
				LD_RUNPATH_SEARCH_PATHS = (
					"$(inherited)",
					"@executable_path/Frameworks",
				);
				MARKETING_VERSION = 1.0.0;
				PRODUCT_BUNDLE_IDENTIFIER = "com.devAYZ.Countries-Info";
				PRODUCT_NAME = "$(TARGET_NAME)";
				SUPPORTED_PLATFORMS = "iphoneos iphonesimulator";
				SUPPORTS_MACCATALYST = NO;
				SUPPORTS_MAC_DESIGNED_FOR_IPHONE_IPAD = NO;
				SWIFT_EMIT_LOC_STRINGS = YES;
				SWIFT_VERSION = 5.0;
				TARGETED_DEVICE_FAMILY = 1;
			};
			name = Release;
		};
		040DF3182C76272F007034C9 /* Debug */ = {
			isa = XCBuildConfiguration;
			buildSettings = {
				ALWAYS_EMBED_SWIFT_STANDARD_LIBRARIES = YES;
				CODE_SIGN_STYLE = Automatic;
				CURRENT_PROJECT_VERSION = 1;
				DEVELOPMENT_TEAM = LWU8V4B258;
				GENERATE_INFOPLIST_FILE = YES;
				IPHONEOS_DEPLOYMENT_TARGET = 14.0;
				MARKETING_VERSION = 1.0;
				PRODUCT_BUNDLE_IDENTIFIER = "com.devAYZ.Countries-InfoTests";
				PRODUCT_NAME = "$(TARGET_NAME)";
				SWIFT_EMIT_LOC_STRINGS = NO;
				SWIFT_VERSION = 5.0;
				TARGETED_DEVICE_FAMILY = "1,2";
				TEST_HOST = "$(BUILT_PRODUCTS_DIR)/Countries Info.app/$(BUNDLE_EXECUTABLE_FOLDER_PATH)/Countries Info";
			};
			name = Debug;
		};
		040DF3192C76272F007034C9 /* Release */ = {
			isa = XCBuildConfiguration;
			buildSettings = {
				ALWAYS_EMBED_SWIFT_STANDARD_LIBRARIES = YES;
				CODE_SIGN_STYLE = Automatic;
				CURRENT_PROJECT_VERSION = 1;
				DEVELOPMENT_TEAM = LWU8V4B258;
				GENERATE_INFOPLIST_FILE = YES;
				IPHONEOS_DEPLOYMENT_TARGET = 14.0;
				MARKETING_VERSION = 1.0;
				PRODUCT_BUNDLE_IDENTIFIER = "com.devAYZ.Countries-InfoTests";
				PRODUCT_NAME = "$(TARGET_NAME)";
				SWIFT_EMIT_LOC_STRINGS = NO;
				SWIFT_VERSION = 5.0;
				TARGETED_DEVICE_FAMILY = "1,2";
				TEST_HOST = "$(BUILT_PRODUCTS_DIR)/Countries Info.app/$(BUNDLE_EXECUTABLE_FOLDER_PATH)/Countries Info";
			};
			name = Release;
		};
		040DF31B2C76272F007034C9 /* Debug */ = {
			isa = XCBuildConfiguration;
			buildSettings = {
				ALWAYS_EMBED_SWIFT_STANDARD_LIBRARIES = YES;
				CODE_SIGN_STYLE = Automatic;
				CURRENT_PROJECT_VERSION = 1;
				DEVELOPMENT_TEAM = LWU8V4B258;
				GENERATE_INFOPLIST_FILE = YES;
				MARKETING_VERSION = 1.0;
				PRODUCT_BUNDLE_IDENTIFIER = "com.devAYZ.Countries-InfoUITests";
				PRODUCT_NAME = "$(TARGET_NAME)";
				SWIFT_EMIT_LOC_STRINGS = NO;
				SWIFT_VERSION = 5.0;
				TARGETED_DEVICE_FAMILY = "1,2";
				TEST_TARGET_NAME = "Countries Info";
			};
			name = Debug;
		};
		040DF31C2C76272F007034C9 /* Release */ = {
			isa = XCBuildConfiguration;
			buildSettings = {
				ALWAYS_EMBED_SWIFT_STANDARD_LIBRARIES = YES;
				CODE_SIGN_STYLE = Automatic;
				CURRENT_PROJECT_VERSION = 1;
				DEVELOPMENT_TEAM = LWU8V4B258;
				GENERATE_INFOPLIST_FILE = YES;
				MARKETING_VERSION = 1.0;
				PRODUCT_BUNDLE_IDENTIFIER = "com.devAYZ.Countries-InfoUITests";
				PRODUCT_NAME = "$(TARGET_NAME)";
				SWIFT_EMIT_LOC_STRINGS = NO;
				SWIFT_VERSION = 5.0;
				TARGETED_DEVICE_FAMILY = "1,2";
				TEST_TARGET_NAME = "Countries Info";
			};
			name = Release;
		};
/* End XCBuildConfiguration section */

/* Begin XCConfigurationList section */
		040DF2E52C762729007034C9 /* Build configuration list for PBXProject "Countries Info" */ = {
			isa = XCConfigurationList;
			buildConfigurations = (
				040DF3122C76272F007034C9 /* Debug */,
				040DF3132C76272F007034C9 /* Release */,
			);
			defaultConfigurationIsVisible = 0;
			defaultConfigurationName = Release;
		};
		040DF3142C76272F007034C9 /* Build configuration list for PBXNativeTarget "Countries Info" */ = {
			isa = XCConfigurationList;
			buildConfigurations = (
				040DF3152C76272F007034C9 /* Debug */,
				040DF3162C76272F007034C9 /* Release */,
			);
			defaultConfigurationIsVisible = 0;
			defaultConfigurationName = Release;
		};
		040DF3172C76272F007034C9 /* Build configuration list for PBXNativeTarget "Countries InfoTests" */ = {
			isa = XCConfigurationList;
			buildConfigurations = (
				040DF3182C76272F007034C9 /* Debug */,
				040DF3192C76272F007034C9 /* Release */,
			);
			defaultConfigurationIsVisible = 0;
			defaultConfigurationName = Release;
		};
		040DF31A2C76272F007034C9 /* Build configuration list for PBXNativeTarget "Countries InfoUITests" */ = {
			isa = XCConfigurationList;
			buildConfigurations = (
				040DF31B2C76272F007034C9 /* Debug */,
				040DF31C2C76272F007034C9 /* Release */,
			);
			defaultConfigurationIsVisible = 0;
			defaultConfigurationName = Release;
		};
/* End XCConfigurationList section */

/* Begin XCRemoteSwiftPackageReference section */
		B7A812152C77289A00E7EBC8 /* XCRemoteSwiftPackageReference "SideMenu" */ = {
			isa = XCRemoteSwiftPackageReference;
			repositoryURL = "https://github.com/jonkykong/SideMenu";
			requirement = {
				kind = upToNextMajorVersion;
				minimumVersion = 6.0.0;
			};
		};
		B7A812182C77291A00E7EBC8 /* XCRemoteSwiftPackageReference "GoogleSignIn-iOS" */ = {
			isa = XCRemoteSwiftPackageReference;
			repositoryURL = "https://github.com/google/GoogleSignIn-iOS";
			requirement = {
				kind = upToNextMajorVersion;
				minimumVersion = 7.0.0;
			};
		};
		B7A8121B2C77298300E7EBC8 /* XCRemoteSwiftPackageReference "Alamofire" */ = {
			isa = XCRemoteSwiftPackageReference;
			repositoryURL = "https://github.com/Alamofire/Alamofire";
			requirement = {
				branch = master;
				kind = branch;
			};
		};
		B7A8121E2C7729CB00E7EBC8 /* XCRemoteSwiftPackageReference "Kingfisher" */ = {
			isa = XCRemoteSwiftPackageReference;
			repositoryURL = "https://github.com/onevcat/Kingfisher";
			requirement = {
				kind = upToNextMajorVersion;
				minimumVersion = 7.12.0;
			};
		};
/* End XCRemoteSwiftPackageReference section */

/* Begin XCSwiftPackageProductDependency section */
		04357E752C7B339A00A2C69B /* Alamofire */ = {
			isa = XCSwiftPackageProductDependency;
			package = B7A8121B2C77298300E7EBC8 /* XCRemoteSwiftPackageReference "Alamofire" */;
			productName = Alamofire;
		};
		043904B02C7C4A3C00333D9A /* GoogleSignIn */ = {
			isa = XCSwiftPackageProductDependency;
			package = B7A812182C77291A00E7EBC8 /* XCRemoteSwiftPackageReference "GoogleSignIn-iOS" */;
			productName = GoogleSignIn;
		};
		043904B22C7C4AAA00333D9A /* Alamofire */ = {
			isa = XCSwiftPackageProductDependency;
			package = B7A8121B2C77298300E7EBC8 /* XCRemoteSwiftPackageReference "Alamofire" */;
			productName = Alamofire;
		};
		04A1D80C2C8700530035ED77 /* Kingfisher */ = {
			isa = XCSwiftPackageProductDependency;
			package = B7A8121E2C7729CB00E7EBC8 /* XCRemoteSwiftPackageReference "Kingfisher" */;
			productName = Kingfisher;
		};
		B7A812162C77289A00E7EBC8 /* SideMenu */ = {
			isa = XCSwiftPackageProductDependency;
			package = B7A812152C77289A00E7EBC8 /* XCRemoteSwiftPackageReference "SideMenu" */;
			productName = SideMenu;
		};
		B7A812192C77291A00E7EBC8 /* GoogleSignIn */ = {
			isa = XCSwiftPackageProductDependency;
			package = B7A812182C77291A00E7EBC8 /* XCRemoteSwiftPackageReference "GoogleSignIn-iOS" */;
			productName = GoogleSignIn;
		};
		B7A8121F2C7729CB00E7EBC8 /* Kingfisher */ = {
			isa = XCSwiftPackageProductDependency;
			package = B7A8121E2C7729CB00E7EBC8 /* XCRemoteSwiftPackageReference "Kingfisher" */;
			productName = Kingfisher;
		};
/* End XCSwiftPackageProductDependency section */
	};
	rootObject = 040DF2E22C762729007034C9 /* Project object */;
}
